
Microsoft Visual Studio Solution File, Format Version 12.00
# Visual Studio Version 17
VisualStudioVersion = 17.5.002.0
MinimumVisualStudioVersion = 10.0.40219.1
Project("{9A19103F-16F7-4668-BE54-9A1E7A4F7556}") = "web", "web.csproj", "{BAF0717B-22A7-4B0A-A798-568F3D816A87}"
EndProject
Global
	GlobalSection(SolutionConfigurationPlatforms) = preSolution
		Debug|Any CPU = Debug|Any CPU
		Release|Any CPU = Release|Any CPU
	EndGlobalSection
	GlobalSection(ProjectConfigurationPlatforms) = postSolution
		{BAF0717B-22A7-4B0A-A798-568F3D816A87}.Debug|Any CPU.ActiveCfg = Debug|Any CPU
		{BAF0717B-22A7-4B0A-A798-568F3D816A87}.Debug|Any CPU.Build.0 = Debug|Any CPU
		{BAF0717B-22A7-4B0A-A798-568F3D816A87}.Release|Any CPU.ActiveCfg = Release|Any CPU
		{BAF0717B-22A7-4B0A-A798-568F3D816A87}.Release|Any CPU.Build.0 = Release|Any CPU
	EndGlobalSection
	GlobalSection(SolutionProperties) = preSolution
		HideSolutionNode = FALSE
	EndGlobalSection
	GlobalSection(ExtensibilityGlobals) = postSolution
		SolutionGuid = {08806320-E66F-4BD1-B671-FBAAD20A1CC7}
	EndGlobalSection
EndGlobal
