
Microsoft Visual Studio Solution File, Format Version 12.00
# Visual Studio Version 17
VisualStudioVersion = 17.5.002.0
MinimumVisualStudioVersion = 10.0.40219.1
Project("{9A19103F-16F7-4668-BE54-9A1E7A4F7556}") = "web", "web.csproj", "{C1E3285E-EDF5-479A-9C01-410A9180495F}"
EndProject
Global
	GlobalSection(SolutionConfigurationPlatforms) = preSolution
		Debug|Any CPU = Debug|Any CPU
		Release|Any CPU = Release|Any CPU
	EndGlobalSection
	GlobalSection(ProjectConfigurationPlatforms) = postSolution
		{C1E3285E-EDF5-479A-9C01-410A9180495F}.Debug|Any CPU.ActiveCfg = Debug|Any CPU
		{C1E3285E-EDF5-479A-9C01-410A9180495F}.Debug|Any CPU.Build.0 = Debug|Any CPU
		{C1E3285E-EDF5-479A-9C01-410A9180495F}.Release|Any CPU.ActiveCfg = Release|Any CPU
		{C1E3285E-EDF5-479A-9C01-410A9180495F}.Release|Any CPU.Build.0 = Release|Any CPU
	EndGlobalSection
	GlobalSection(SolutionProperties) = preSolution
		HideSolutionNode = FALSE
	EndGlobalSection
	GlobalSection(ExtensibilityGlobals) = postSolution
		SolutionGuid = {36164491-4984-404C-A216-A3DEB548D0C8}
	EndGlobalSection
EndGlobal
